
Microsoft Visual Studio Solution File, Format Version 12.00
# Visual Studio 15
VisualStudioVersion = 15.0.27130.2010
MinimumVisualStudioVersion = 10.0.40219.1
Project("{FAE04EC0-301F-11D3-BF4B-00C04F79EFBC}") = "DataDrivenTesting", "DataDrivenTesting\DataDrivenTesting.csproj", "{19823641-B0DA-402F-A04F-A99059E2C8C2}"
EndProject
Global
	GlobalSection(SolutionConfigurationPlatforms) = preSolution
		Debug|Any CPU = Debug|Any CPU
		Release|Any CPU = Release|Any CPU
	EndGlobalSection
	GlobalSection(ProjectConfigurationPlatforms) = postSolution
		{19823641-B0DA-402F-A04F-A99059E2C8C2}.Debug|Any CPU.ActiveCfg = Debug|Any CPU
		{19823641-B0DA-402F-A04F-A99059E2C8C2}.Debug|Any CPU.Build.0 = Debug|Any CPU
		{19823641-B0DA-402F-A04F-A99059E2C8C2}.Release|Any CPU.ActiveCfg = Release|Any CPU
		{19823641-B0DA-402F-A04F-A99059E2C8C2}.Release|Any CPU.Build.0 = Release|Any CPU
	EndGlobalSection
	GlobalSection(SolutionProperties) = preSolution
		HideSolutionNode = FALSE
	EndGlobalSection
	GlobalSection(ExtensibilityGlobals) = postSolution
		SolutionGuid = {3E6E0810-320C-4138-AF96-45CB9DD030A3}
	EndGlobalSection
EndGlobal
